{
  "nodes": {
    "nixpkgs": {
      "locked": {
        "lastModified": 1791260994,
        "narHash": "sha256-Miqqk/ammqnTUxaoCyvtwoPeLbI1ksFyLxi/CazZpWY=",
        "owner": "nixos",
        "repo": "nixpkgs",
        "rev": "151fa4e8ddfdd8dd25d945ad94ed54a13de9f6e4",
        "type": "github"
      },
      "original": {
        "owner": "nixos",
        "ref": "nixos-unstable",
        "repo": "nixpkgs",
        "type": "github"
      }
    },
    "nixpkgs-scx": {
      "locked": {
        "lastModified": 1791353719,
        "narHash": "sha256-Qa7XCPOkIn16lRbOohO+x7id8eOOZ+nE9uh8m33dMP8=",
        "owner": "nixos",
        "repo": "nixpkgs",
        "rev": "3461aa285fb7095884f49a69204b2a5a100a837e",
        "type": "github"
      },
      "original": {
        "owner": "nixos",
        "ref": "staging-next",
        "repo": "nixpkgs",
        "type": "github"
      }
    },
    "root": {
      "inputs": {
        "nixpkgs": "nixpkgs",
        "nixpkgs-scx": "nixpkgs-scx",
        "rust-overlay": "rust-overlay"
      }
    },
    "rust-overlay": {
      "inputs": {
        "nixpkgs": [
          "nixpkgs"
        ]
      },
      "locked": {
        "lastModified": 1791361643,
        "narHash": "sha256-HMdfSb1ONHs1RbSkQtCXm+tWEsTikisWWtXDnv0aQ+I=",
        "owner": "oxalica",
        "repo": "rust-overlay",
        "rev": "8afee9fa8caa877a4feb65adc33e8d72f3747dc9",
        "type": "github"
      },
      "original": {
        "owner": "oxalica",
        "repo": "rust-overlay",
        "type": "github"
      }
    }
  },
  "root": "root",
  "version": 7
}
