{
  "nodes": {
    "nixpkgs": {
      "locked": {
        "lastModified": 1791456040,
        "narHash": "sha256-H83yz/do+hjOO0uujHyH8RgtIQP2v7Mw+cLwcZK/xKc=",
        "owner": "nixos",
        "repo": "nixpkgs",
        "rev": "e7439b6b14ad3cc35d05608ebca9bce01a25f5f8",
        "type": "github"
      },
      "original": {
        "owner": "nixos",
        "ref": "nixos-unstable",
        "repo": "nixpkgs",
        "type": "github"
      }
    },
    "nixpkgs-scx": {
      "locked": {
        "lastModified": 1791526853,
        "narHash": "sha256-XCDkViIlIdY0bvnz7JYJBoy2C3adu0xSbaR1gNd+ULM=",
        "owner": "nixos",
        "repo": "nixpkgs",
        "rev": "33dccd6c4c2853b81b83c35b8f876500d665b362",
        "type": "github"
      },
      "original": {
        "owner": "nixos",
        "ref": "staging-next",
        "repo": "nixpkgs",
        "type": "github"
      }
    },
    "root": {
      "inputs": {
        "nixpkgs": "nixpkgs",
        "nixpkgs-scx": "nixpkgs-scx",
        "rust-overlay": "rust-overlay"
      }
    },
    "rust-overlay": {
      "inputs": {
        "nixpkgs": [
          "nixpkgs"
        ]
      },
      "locked": {
        "lastModified": 1791535654,
        "narHash": "sha256-QFgGi6Wgh7AgqPFdAXEmkTgnR0B5M0omheIHvo/02dU=",
        "owner": "oxalica",
        "repo": "rust-overlay",
        "rev": "4ca2963243427cb86bd6b4d9ca6010db0162a619",
        "type": "github"
      },
      "original": {
        "owner": "oxalica",
        "repo": "rust-overlay",
        "type": "github"
      }
    }
  },
  "root": "root",
  "version": 7
}
