{
  "nodes": {
    "nixpkgs": {
      "locked": {
        "lastModified": 1790689126,
        "narHash": "sha256-ilerN1WLSvF+HMjziC/Wv99J5y02maDH+6hZPwsORKg=",
        "owner": "nixos",
        "repo": "nixpkgs",
        "rev": "b4fd65b198c599cbe814fcb9f42d25d021595ec9",
        "type": "github"
      },
      "original": {
        "owner": "nixos",
        "ref": "nixos-unstable",
        "repo": "nixpkgs",
        "type": "github"
      }
    },
    "nixpkgs-scx": {
      "locked": {
        "lastModified": 1790835420,
        "narHash": "sha256-YaGDEt4K0AMUqBCyTzE3X9bwoNZ5mu1QdAg6K7QVaBM=",
        "owner": "nixos",
        "repo": "nixpkgs",
        "rev": "4597f0ef605a27852115d4616248891809a487fc",
        "type": "github"
      },
      "original": {
        "owner": "nixos",
        "ref": "staging-next",
        "repo": "nixpkgs",
        "type": "github"
      }
    },
    "root": {
      "inputs": {
        "nixpkgs": "nixpkgs",
        "nixpkgs-scx": "nixpkgs-scx",
        "rust-overlay": "rust-overlay"
      }
    },
    "rust-overlay": {
      "inputs": {
        "nixpkgs": [
          "nixpkgs"
        ]
      },
      "locked": {
        "lastModified": 1790843958,
        "narHash": "sha256-jtYAaAXT1gxEtzmeYmOGu0IvKPle5J39BOFbgl6os+A=",
        "owner": "oxalica",
        "repo": "rust-overlay",
        "rev": "b2ccad3b67335d368eef49ec48b9c8166858e73d",
        "type": "github"
      },
      "original": {
        "owner": "oxalica",
        "repo": "rust-overlay",
        "type": "github"
      }
    }
  },
  "root": "root",
  "version": 7
}
